{
  "name": "LLB-node-template-public",
  "version": "1.0.0",
  "lockfileVersion": 1,
  "requires": true,
  "dependencies": {
    "animate.css": {
      "version": "3.7.0",
      "resolved": "https://registry.npmjs.org/animate.css/-/animate.css-3.7.0.tgz",
      "integrity": "sha512-u3iMXDJr0cxMdQocIciDiou9Au4L5f9uT+/jCtprw3s1j3HcfCuI+khF+90Ps2KdsEhM2soF7SXB4WUvI3HlXg=="
    },
    "axios": {
      "version": "0.21.1",
      "resolved": "https://registry.npmjs.org/axios/-/axios-0.21.1.tgz",
      "integrity": "sha512-dKQiRHxGD9PPRIUNIWvZhPTPpl1rf/OxTYKsqKUDjBwYylTvV7SjSHJb9ratfyzM6wCdLCOYLzs73qpg5c4iGA==",
      "requires": {
        "follow-redirects": "^1.10.0"
      }
    },
    "babel-polyfill": {
      "version": "6.26.0",
      "resolved": "https://registry.npmjs.org/babel-polyfill/-/babel-polyfill-6.26.0.tgz",
      "integrity": "sha1-N5k3q8Z9eJWXCtxiHyhM2WbPIVM=",
      "requires": {
        "babel-runtime": "^6.26.0",
        "core-js": "^2.5.0",
        "regenerator-runtime": "^0.10.5"
      }
    },
    "babel-runtime": {
      "version": "6.26.0",
      "resolved": "https://registry.npmjs.org/babel-runtime/-/babel-runtime-6.26.0.tgz",
      "integrity": "sha1-llxwWGaOgrVde/4E/yM3vItWR/4=",
      "requires": {
        "core-js": "^2.4.0",
        "regenerator-runtime": "^0.11.0"
      },
      "dependencies": {
        "regenerator-runtime": {
          "version": "0.11.1",
          "resolved": "https://registry.npmjs.org/regenerator-runtime/-/regenerator-runtime-0.11.1.tgz",
          "integrity": "sha512-MguG95oij0fC3QV3URf4V2SDYGJhJnJGqvIIgdECeODCT98wSWDAJ94SSuVpYQUoTcGUIL6L4yNB7j1DFFHSBg=="
        }
      }
    },
    "base64-arraybuffer": {
      "version": "0.1.5",
      "resolved": "https://registry.npmjs.org/base64-arraybuffer/-/base64-arraybuffer-0.1.5.tgz",
      "integrity": "sha1-c5JncZI7Whl0etZmqlzUv5xunOg="
    },
    "core-js": {
      "version": "2.6.2",
      "resolved": "https://registry.npmjs.org/core-js/-/core-js-2.6.2.tgz",
      "integrity": "sha512-NdBPF/RVwPW6jr0NCILuyN9RiqLo2b1mddWHkUL+VnvcB7dzlnBJ1bXYntjpTGOgkZiiLWj2JxmOr7eGE3qK6g=="
    },
    "css-line-break": {
      "version": "1.0.1",
      "resolved": "https://registry.npmjs.org/css-line-break/-/css-line-break-1.0.1.tgz",
      "integrity": "sha1-GfIGOjPpX7KDG4ZEbAuAwYivRQo=",
      "requires": {
        "base64-arraybuffer": "^0.1.5"
      }
    },
    "dom7": {
      "version": "2.1.2",
      "resolved": "https://registry.npmjs.org/dom7/-/dom7-2.1.2.tgz",
      "integrity": "sha512-cGwWtpu7KY3JnbREGqG4EGC/u+1hyLfWVMqrqRjmwiO8d5i4B+0imLZAQ/cJbiXnjbs0pdIUzcUyeI9BbnyKNg==",
      "requires": {
        "ssr-window": "^1.0.1"
      }
    },
    "follow-redirects": {
      "version": "1.13.1",
      "resolved": "https://registry.npmjs.org/follow-redirects/-/follow-redirects-1.13.1.tgz",
      "integrity": "sha512-SSG5xmZh1mkPGyKzjZP8zLjltIfpW32Y5QpdNJyjcfGxK3qo3NDDkZOZSFiGn1A6SclQxY9GzEwAHQ3dmYRWpg=="
    },
    "hey-global": {
      "version": "0.0.1",
      "resolved": "https://registry.npmjs.org/hey-global/-/hey-global-0.0.1.tgz",
      "integrity": "sha1-4uy3L0zk7RP26fFP1Y5F7FDFEZg="
    },
    "hey-log": {
      "version": "0.0.8",
      "resolved": "https://registry.npmjs.org/hey-log/-/hey-log-0.0.8.tgz",
      "integrity": "sha1-wRR50kQhqtsGTKFpIV3XIY/8C5M="
    },
    "hey-utils": {
      "version": "0.4.0",
      "resolved": "https://registry.npmjs.org/hey-utils/-/hey-utils-0.4.0.tgz",
      "integrity": "sha512-ddjRMNnfWEcdtoO4ybGXRTznIIDrf2sMarGPy7rczq9cOKUZpvj8OlzyoHBK++PLD0df5RxqA19TiY6ldVuP0A=="
    },
    "html2canvas": {
      "version": "1.0.0-alpha.12",
      "resolved": "https://registry.npmjs.org/html2canvas/-/html2canvas-1.0.0-alpha.12.tgz",
      "integrity": "sha1-OxmS48mz9WBjw1/WIElPN+uohRM=",
      "requires": {
        "css-line-break": "1.0.1"
      }
    },
    "manba": {
      "version": "1.2.7",
      "resolved": "https://registry.npmjs.org/manba/-/manba-1.2.7.tgz",
      "integrity": "sha512-W6UHV6OJQFMVk64n5LVXgsW8I9k/U87Jmjo0hLb83LUOE1d2VFLjpmcDdaeBleQ5HWC2opU8DK5TojMpNNvWrA=="
    },
    "qs": {
      "version": "6.6.0",
      "resolved": "https://registry.npmjs.org/qs/-/qs-6.6.0.tgz",
      "integrity": "sha512-KIJqT9jQJDQx5h5uAVPimw6yVg2SekOKu959OCtktD3FjzbpvaPr8i4zzg07DOMz+igA4W/aNM7OV8H37pFYfA=="
    },
    "regenerator-runtime": {
      "version": "0.10.5",
      "resolved": "https://registry.npmjs.org/regenerator-runtime/-/regenerator-runtime-0.10.5.tgz",
      "integrity": "sha1-M2w+/BIgrc7dosn6tntaeVWjNlg="
    },
    "ssr-window": {
      "version": "1.0.1",
      "resolved": "https://registry.npmjs.org/ssr-window/-/ssr-window-1.0.1.tgz",
      "integrity": "sha512-dgFqB+f00LJTEgb6UXhx0h+SrG50LJvti2yMKMqAgzfUmUXZrLSv2fjULF7AWGwK25EXu8+smLR3jYsJQChPsg=="
    },
    "swiper": {
      "version": "4.4.6",
      "resolved": "https://registry.npmjs.org/swiper/-/swiper-4.4.6.tgz",
      "integrity": "sha512-F9NDtijQt+etiOe6JAEH+Cb+QKzwwFpi08FlOIQv8ALdoQ8tvAX/38a/28E5XxalAkChsHCutwkBCzDxDXTGiA==",
      "requires": {
        "dom7": "^2.1.2",
        "ssr-window": "^1.0.1"
      }
    },
    "vue": {
      "version": "2.5.22",
      "resolved": "https://registry.npmjs.org/vue/-/vue-2.5.22.tgz",
      "integrity": "sha512-pxY3ZHlXNJMFQbkjEgGVMaMMkSV1ONpz+4qB55kZuJzyJOhn6MSy/YZdzhdnumegNzVTL/Dn3Pp4UrVBYt1j/g=="
    },
    "vue-router": {
      "version": "3.0.2",
      "resolved": "https://registry.npmjs.org/vue-router/-/vue-router-3.0.2.tgz",
      "integrity": "sha512-opKtsxjp9eOcFWdp6xLQPLmRGgfM932Tl56U9chYTnoWqKxQ8M20N7AkdEbM5beUh6wICoFGYugAX9vQjyJLFg=="
    }
  }
}
